
Microsoft Visual Studio Solution File, Format Version 12.00
# Visual Studio Version 17
VisualStudioVersion = 17.14.36301.6 d17.14
MinimumVisualStudioVersion = 10.0.40219.1
Project("{FAE04EC0-301F-11D3-BF4B-00C04F79EFBC}") = "WebApplicationIntern2", "WebApplicationIntern2.csproj", "{EAD6F7EF-B614-4A11-8821-7A8C5C01BB3A}"
EndProject
Global
	GlobalSection(SolutionConfigurationPlatforms) = preSolution
		Debug|Any CPU = Debug|Any CPU
		Release|Any CPU = Release|Any CPU
	EndGlobalSection
	GlobalSection(ProjectConfigurationPlatforms) = postSolution
		{EAD6F7EF-B614-4A11-8821-7A8C5C01BB3A}.Debug|Any CPU.ActiveCfg = Debug|Any CPU
		{EAD6F7EF-B614-4A11-8821-7A8C5C01BB3A}.Debug|Any CPU.Build.0 = Debug|Any CPU
		{EAD6F7EF-B614-4A11-8821-7A8C5C01BB3A}.Release|Any CPU.ActiveCfg = Release|Any CPU
		{EAD6F7EF-B614-4A11-8821-7A8C5C01BB3A}.Release|Any CPU.Build.0 = Release|Any CPU
	EndGlobalSection
	GlobalSection(SolutionProperties) = preSolution
		HideSolutionNode = FALSE
	EndGlobalSection
	GlobalSection(ExtensibilityGlobals) = postSolution
		SolutionGuid = {F0308B6E-53C8-4698-9AA1-3226D9F94D2E}
	EndGlobalSection
EndGlobal
